
Microsoft Visual Studio Solution File, Format Version 12.00
# Visual Studio 15
VisualStudioVersion = 15.0.28307.779
MinimumVisualStudioVersion = 10.0.40219.1
Project("{FAE04EC0-301F-11D3-BF4B-00C04F79EFBC}") = "MyFirstUdemyProject", "MyFirstUdemyProject\MyFirstUdemyProject.csproj", "{66EFE950-135F-42F6-87B9-3746A94CF89B}"
EndProject
Global
	GlobalSection(SolutionConfigurationPlatforms) = preSolution
		Debug|Any CPU = Debug|Any CPU
		Release|Any CPU = Release|Any CPU
	EndGlobalSection
	GlobalSection(ProjectConfigurationPlatforms) = postSolution
		{66EFE950-135F-42F6-87B9-3746A94CF89B}.Debug|Any CPU.ActiveCfg = Debug|Any CPU
		{66EFE950-135F-42F6-87B9-3746A94CF89B}.Debug|Any CPU.Build.0 = Debug|Any CPU
		{66EFE950-135F-42F6-87B9-3746A94CF89B}.Release|Any CPU.ActiveCfg = Release|Any CPU
		{66EFE950-135F-42F6-87B9-3746A94CF89B}.Release|Any CPU.Build.0 = Release|Any CPU
	EndGlobalSection
	GlobalSection(SolutionProperties) = preSolution
		HideSolutionNode = FALSE
	EndGlobalSection
	GlobalSection(ExtensibilityGlobals) = postSolution
		SolutionGuid = {7F39C09F-4246-4CF1-A94D-DDF8AE9CDE8B}
	EndGlobalSection
EndGlobal
